// !$*UTF8*$!
{
	archiveVersion = 1;
	classes = {
	};
	objectVersion = 46;
	objects = {

/* Begin PBXBuildFile section */
		227694631D68D84800681587 /* AppDelegate.swift in Sources */ = {isa = PBXBuildFile; fileRef = 227694621D68D84800681587 /* AppDelegate.swift */; };
		227694651D68D84800681587 /* ViewController.swift in Sources */ = {isa = PBXBuildFile; fileRef = 227694641D68D84800681587 /* ViewController.swift */; };
		227694681D68D84800681587 /* Main.storyboard in Resources */ = {isa = PBXBuildFile; fileRef = 227694661D68D84800681587 /* Main.storyboard */; };
		2276946A1D68D84800681587 /* Assets.xcassets in Resources */ = {isa = PBXBuildFile; fileRef = 227694691D68D84800681587 /* Assets.xcassets */; };
		2276946D1D68D84800681587 /* LaunchScreen.storyboard in Resources */ = {isa = PBXBuildFile; fileRef = 2276946B1D68D84800681587 /* LaunchScreen.storyboard */; };
		22C6FD431D695DCE0096D162 /* ViewControllerTam.swift in Sources */ = {isa = PBXBuildFile; fileRef = 22C6FD421D695DCE0096D162 /* ViewControllerTam.swift */; };
		22C6FD451D695F8C0096D162 /* ViewControllerMasa.swift in Sources */ = {isa = PBXBuildFile; fileRef = 22C6FD441D695F8C0096D162 /* ViewControllerMasa.swift */; };
		22C6FD471D6962600096D162 /* ViewControllerQueso.swift in Sources */ = {isa = PBXBuildFile; fileRef = 22C6FD461D6962600096D162 /* ViewControllerQueso.swift */; };
		22C6FD491D6964C00096D162 /* ViewControllerIngredientes.swift in Sources */ = {isa = PBXBuildFile; fileRef = 22C6FD481D6964C00096D162 /* ViewControllerIngredientes.swift */; };
		22C6FD4B1D696A920096D162 /* ViewControllerConfirmar.swift in Sources */ = {isa = PBXBuildFile; fileRef = 22C6FD4A1D696A920096D162 /* ViewControllerConfirmar.swift */; };
/* End PBXBuildFile section */

/* Begin PBXFileReference section */
		2276945F1D68D84800681587 /* Pizzas.app */ = {isa = PBXFileReference; explicitFileType = wrapper.application; includeInIndex = 0; path = Pizzas.app; sourceTree = BUILT_PRODUCTS_DIR; };
		227694621D68D84800681587 /* AppDelegate.swift */ = {isa = PBXFileReference; lastKnownFileType = sourcecode.swift; path = AppDelegate.swift; sourceTree = "<group>"; };
		227694641D68D84800681587 /* ViewController.swift */ = {isa = PBXFileReference; lastKnownFileType = sourcecode.swift; path = ViewController.swift; sourceTree = "<group>"; };
		227694671D68D84800681587 /* Base */ = {isa = PBXFileReference; lastKnownFileType = file.storyboard; name = Base; path = Base.lproj/Main.storyboard; sourceTree = "<group>"; };
		227694691D68D84800681587 /* Assets.xcassets */ = {isa = PBXFileReference; lastKnownFileType = folder.assetcatalog; path = Assets.xcassets; sourceTree = "<group>"; };
		2276946C1D68D84800681587 /* Base */ = {isa = PBXFileReference; lastKnownFileType = file.storyboard; name = Base; path = Base.lproj/LaunchScreen.storyboard; sourceTree = "<group>"; };
		2276946E1D68D84800681587 /* Info.plist */ = {isa = PBXFileReference; lastKnownFileType = text.plist.xml; path = Info.plist; sourceTree = "<group>"; };
		22C6FD421D695DCE0096D162 /* ViewControllerTam.swift */ = {isa = PBXFileReference; fileEncoding = 4; lastKnownFileType = sourcecode.swift; path = ViewControllerTam.swift; sourceTree = "<group>"; };
		22C6FD441D695F8C0096D162 /* ViewControllerMasa.swift */ = {isa = PBXFileReference; fileEncoding = 4; lastKnownFileType = sourcecode.swift; path = ViewControllerMasa.swift; sourceTree = "<group>"; };
		22C6FD461D6962600096D162 /* ViewControllerQueso.swift */ = {isa = PBXFileReference; fileEncoding = 4; lastKnownFileType = sourcecode.swift; path = ViewControllerQueso.swift; sourceTree = "<group>"; };
		22C6FD481D6964C00096D162 /* ViewControllerIngredientes.swift */ = {isa = PBXFileReference; fileEncoding = 4; lastKnownFileType = sourcecode.swift; path = ViewControllerIngredientes.swift; sourceTree = "<group>"; };
		22C6FD4A1D696A920096D162 /* ViewControllerConfirmar.swift */ = {isa = PBXFileReference; fileEncoding = 4; lastKnownFileType = sourcecode.swift; path = ViewControllerConfirmar.swift; sourceTree = "<group>"; };
/* End PBXFileReference section */

/* Begin PBXFrameworksBuildPhase section */
		2276945C1D68D84800681587 /* Frameworks */ = {
			isa = PBXFrameworksBuildPhase;
			buildActionMask = 2147483647;
			files = (
			);
			runOnlyForDeploymentPostprocessing = 0;
		};
/* End PBXFrameworksBuildPhase section */

/* Begin PBXGroup section */
		227694561D68D84800681587 = {
			isa = PBXGroup;
			children = (
				227694611D68D84800681587 /* Pizzas */,
				227694601D68D84800681587 /* Products */,
			);
			sourceTree = "<group>";
		};
		227694601D68D84800681587 /* Products */ = {
			isa = PBXGroup;
			children = (
				2276945F1D68D84800681587 /* Pizzas.app */,
			);
			name = Products;
			sourceTree = "<group>";
		};
		227694611D68D84800681587 /* Pizzas */ = {
			isa = PBXGroup;
			children = (
				227694621D68D84800681587 /* AppDelegate.swift */,
				227694641D68D84800681587 /* ViewController.swift */,
				227694661D68D84800681587 /* Main.storyboard */,
				227694691D68D84800681587 /* Assets.xcassets */,
				2276946B1D68D84800681587 /* LaunchScreen.storyboard */,
				2276946E1D68D84800681587 /* Info.plist */,
				22C6FD421D695DCE0096D162 /* ViewControllerTam.swift */,
				22C6FD441D695F8C0096D162 /* ViewControllerMasa.swift */,
				22C6FD461D6962600096D162 /* ViewControllerQueso.swift */,
				22C6FD481D6964C00096D162 /* ViewControllerIngredientes.swift */,
				22C6FD4A1D696A920096D162 /* ViewControllerConfirmar.swift */,
			);
			path = Pizzas;
			sourceTree = "<group>";
		};
/* End PBXGroup section */

/* Begin PBXNativeTarget section */
		2276945E1D68D84800681587 /* Pizzas */ = {
			isa = PBXNativeTarget;
			buildConfigurationList = 227694711D68D84800681587 /* Build configuration list for PBXNativeTarget "Pizzas" */;
			buildPhases = (
				2276945B1D68D84800681587 /* Sources */,
				2276945C1D68D84800681587 /* Frameworks */,
				2276945D1D68D84800681587 /* Resources */,
			);
			buildRules = (
			);
			dependencies = (
			);
			name = Pizzas;
			productName = Pizzas;
			productReference = 2276945F1D68D84800681587 /* Pizzas.app */;
			productType = "com.apple.product-type.application";
		};
/* End PBXNativeTarget section */

/* Begin PBXProject section */
		227694571D68D84800681587 /* Project object */ = {
			isa = PBXProject;
			attributes = {
				LastSwiftUpdateCheck = 0730;
				LastUpgradeCheck = 0730;
				ORGANIZATIONNAME = gezuzm;
				TargetAttributes = {
					2276945E1D68D84800681587 = {
						CreatedOnToolsVersion = 7.3.1;
						DevelopmentTeam = 9B3GWJ8C2G;
					};
				};
			};
			buildConfigurationList = 2276945A1D68D84800681587 /* Build configuration list for PBXProject "Pizzas" */;
			compatibilityVersion = "Xcode 3.2";
			developmentRegion = English;
			hasScannedForEncodings = 0;
			knownRegions = (
				en,
				Base,
			);
			mainGroup = 227694561D68D84800681587;
			productRefGroup = 227694601D68D84800681587 /* Products */;
			projectDirPath = "";
			projectRoot = "";
			targets = (
				2276945E1D68D84800681587 /* Pizzas */,
			);
		};
/* End PBXProject section */

/* Begin PBXResourcesBuildPhase section */
		2276945D1D68D84800681587 /* Resources */ = {
			isa = PBXResourcesBuildPhase;
			buildActionMask = 2147483647;
			files = (
				2276946D1D68D84800681587 /* LaunchScreen.storyboard in Resources */,
				2276946A1D68D84800681587 /* Assets.xcassets in Resources */,
				227694681D68D84800681587 /* Main.storyboard in Resources */,
			);
			runOnlyForDeploymentPostprocessing = 0;
		};
/* End PBXResourcesBuildPhase section */

/* Begin PBXSourcesBuildPhase section */
		2276945B1D68D84800681587 /* Sources */ = {
			isa = PBXSourcesBuildPhase;
			buildActionMask = 2147483647;
			files = (
				22C6FD451D695F8C0096D162 /* ViewControllerMasa.swift in Sources */,
				227694651D68D84800681587 /* ViewController.swift in Sources */,
				22C6FD4B1D696A920096D162 /* ViewControllerConfirmar.swift in Sources */,
				22C6FD491D6964C00096D162 /* ViewControllerIngredientes.swift in Sources */,
				22C6FD431D695DCE0096D162 /* ViewControllerTam.swift in Sources */,
				227694631D68D84800681587 /* AppDelegate.swift in Sources */,
				22C6FD471D6962600096D162 /* ViewControllerQueso.swift in Sources */,
			);
			runOnlyForDeploymentPostprocessing = 0;
		};
/* End PBXSourcesBuildPhase section */

/* Begin PBXVariantGroup section */
		227694661D68D84800681587 /* Main.storyboard */ = {
			isa = PBXVariantGroup;
			children = (
				227694671D68D84800681587 /* Base */,
			);
			name = Main.storyboard;
			sourceTree = "<group>";
		};
		2276946B1D68D84800681587 /* LaunchScreen.storyboard */ = {
			isa = PBXVariantGroup;
			children = (
				2276946C1D68D84800681587 /* Base */,
			);
			name = LaunchScreen.storyboard;
			sourceTree = "<group>";
		};
/* End PBXVariantGroup section */

/* Begin XCBuildConfiguration section */
		2276946F1D68D84800681587 /* Debug */ = {
			isa = XCBuildConfiguration;
			buildSettings = {
				ALWAYS_SEARCH_USER_PATHS = NO;
				CLANG_ANALYZER_NONNULL = YES;
				CLANG_CXX_LANGUAGE_STANDARD = "gnu++0x";
				CLANG_CXX_LIBRARY = "libc++";
				CLANG_ENABLE_MODULES = YES;
				CLANG_ENABLE_OBJC_ARC = YES;
				CLANG_WARN_BOOL_CONVERSION = YES;
				CLANG_WARN_CONSTANT_CONVERSION = YES;
				CLANG_WARN_DIRECT_OBJC_ISA_USAGE = YES_ERROR;
				CLANG_WARN_EMPTY_BODY = YES;
				CLANG_WARN_ENUM_CONVERSION = YES;
				CLANG_WARN_INT_CONVERSION = YES;
				CLANG_WARN_OBJC_ROOT_CLASS = YES_ERROR;
				CLANG_WARN_UNREACHABLE_CODE = YES;
				CLANG_WARN__DUPLICATE_METHOD_MATCH = YES;
				"CODE_SIGN_IDENTITY[sdk=iphoneos*]" = "iPhone Developer";
				COPY_PHASE_STRIP = NO;
				DEBUG_INFORMATION_FORMAT = dwarf;
				ENABLE_STRICT_OBJC_MSGSEND = YES;
				ENABLE_TESTABILITY = YES;
				GCC_C_LANGUAGE_STANDARD = gnu99;
				GCC_DYNAMIC_NO_PIC = NO;
				GCC_NO_COMMON_BLOCKS = YES;
				GCC_OPTIMIZATION_LEVEL = 0;
				GCC_PREPROCESSOR_DEFINITIONS = (
					"DEBUG=1",
					"$(inherited)",
				);
				GCC_WARN_64_TO_32_BIT_CONVERSION = YES;
				GCC_WARN_ABOUT_RETURN_TYPE = YES_ERROR;
				GCC_WARN_UNDECLARED_SELECTOR = YES;
				GCC_WARN_UNINITIALIZED_AUTOS = YES_AGGRESSIVE;
				GCC_WARN_UNUSED_FUNCTION = YES;
				GCC_WARN_UNUSED_VARIABLE = YES;
				IPHONEOS_DEPLOYMENT_TARGET = 9.3;
				MTL_ENABLE_DEBUG_INFO = YES;
				ONLY_ACTIVE_ARCH = YES;
				SDKROOT = iphoneos;
				SWIFT_OPTIMIZATION_LEVEL = "-Onone";
				TARGETED_DEVICE_FAMILY = "1,2";
			};
			name = Debug;
		};
		227694701D68D84800681587 /* Release */ = {
			isa = XCBuildConfiguration;
			buildSettings = {
				ALWAYS_SEARCH_USER_PATHS = NO;
				CLANG_ANALYZER_NONNULL = YES;
				CLANG_CXX_LANGUAGE_STANDARD = "gnu++0x";
				CLANG_CXX_LIBRARY = "libc++";
				CLANG_ENABLE_MODULES = YES;
				CLANG_ENABLE_OBJC_ARC = YES;
				CLANG_WARN_BOOL_CONVERSION = YES;
				CLANG_WARN_CONSTANT_CONVERSION = YES;
				CLANG_WARN_DIRECT_OBJC_ISA_USAGE = YES_ERROR;
				CLANG_WARN_EMPTY_BODY = YES;
				CLANG_WARN_ENUM_CONVERSION = YES;
				CLANG_WARN_INT_CONVERSION = YES;
				CLANG_WARN_OBJC_ROOT_CLASS = YES_ERROR;
				CLANG_WARN_UNREACHABLE_CODE = YES;
				CLANG_WARN__DUPLICATE_METHOD_MATCH = YES;
				"CODE_SIGN_IDENTITY[sdk=iphoneos*]" = "iPhone Developer";
				COPY_PHASE_STRIP = NO;
				DEBUG_INFORMATION_FORMAT = "dwarf-with-dsym";
				ENABLE_NS_ASSERTIONS = NO;
				ENABLE_STRICT_OBJC_MSGSEND = YES;
				GCC_C_LANGUAGE_STANDARD = gnu99;
				GCC_NO_COMMON_BLOCKS = YES;
				GCC_WARN_64_TO_32_BIT_CONVERSION = YES;
				GCC_WARN_ABOUT_RETURN_TYPE = YES_ERROR;
				GCC_WARN_UNDECLARED_SELECTOR = YES;
				GCC_WARN_UNINITIALIZED_AUTOS = YES_AGGRESSIVE;
				GCC_WARN_UNUSED_FUNCTION = YES;
				GCC_WARN_UNUSED_VARIABLE = YES;
				IPHONEOS_DEPLOYMENT_TARGET = 9.3;
				MTL_ENABLE_DEBUG_INFO = NO;
				SDKROOT = iphoneos;
				TARGETED_DEVICE_FAMILY = "1,2";
				VALIDATE_PRODUCT = YES;
			};
			name = Release;
		};
		227694721D68D84800681587 /* Debug */ = {
			isa = XCBuildConfiguration;
			buildSettings = {
				ASSETCATALOG_COMPILER_APPICON_NAME = AppIcon;
				INFOPLIST_FILE = Pizzas/Info.plist;
				LD_RUNPATH_SEARCH_PATHS = "$(inherited) @executable_path/Frameworks";
				PRODUCT_BUNDLE_IDENTIFIER = mx.gezuzm.Pizzas;
				PRODUCT_NAME = "$(TARGET_NAME)";
			};
			name = Debug;
		};
		227694731D68D84800681587 /* Release */ = {
			isa = XCBuildConfiguration;
			buildSettings = {
				ASSETCATALOG_COMPILER_APPICON_NAME = AppIcon;
				INFOPLIST_FILE = Pizzas/Info.plist;
				LD_RUNPATH_SEARCH_PATHS = "$(inherited) @executable_path/Frameworks";
				PRODUCT_BUNDLE_IDENTIFIER = mx.gezuzm.Pizzas;
				PRODUCT_NAME = "$(TARGET_NAME)";
			};
			name = Release;
		};
/* End XCBuildConfiguration section */

/* Begin XCConfigurationList section */
		2276945A1D68D84800681587 /* Build configuration list for PBXProject "Pizzas" */ = {
			isa = XCConfigurationList;
			buildConfigurations = (
				2276946F1D68D84800681587 /* Debug */,
				227694701D68D84800681587 /* Release */,
			);
			defaultConfigurationIsVisible = 0;
			defaultConfigurationName = Release;
		};
		227694711D68D84800681587 /* Build configuration list for PBXNativeTarget "Pizzas" */ = {
			isa = XCConfigurationList;
			buildConfigurations = (
				227694721D68D84800681587 /* Debug */,
				227694731D68D84800681587 /* Release */,
			);
			defaultConfigurationIsVisible = 0;
			defaultConfigurationName = Release;
		};
/* End XCConfigurationList section */
	};
	rootObject = 227694571D68D84800681587 /* Project object */;
}
